
Microsoft Visual Studio Solution File, Format Version 12.00
# Visual Studio Version 17
VisualStudioVersion = 17.7.34302.85
MinimumVisualStudioVersion = 10.0.40219.1
Project("{FAE04EC0-301F-11D3-BF4B-00C04F79EFBC}") = "TargetSistemas.Tests", "TargetSistemas.Tests\TargetSistemas.Tests.csproj", "{1F18CF9A-FFC0-40B9-9808-A8E0059A7205}"
EndProject
Project("{2150E333-8FDC-42A3-9474-1A3956D46DE8}") = "src", "src", "{EA911279-B669-4CC1-9CF4-94778ADC1E04}"
EndProject
Project("{FAE04EC0-301F-11D3-BF4B-00C04F79EFBC}") = "TargetSistemas.Domain", "TargetSistemas.Domain\TargetSistemas.Domain.csproj", "{DC9B48A8-A190-4DE0-89CB-E4E9BD53BC8D}"
EndProject
Project("{FAE04EC0-301F-11D3-BF4B-00C04F79EFBC}") = "TargetSistemas.Interfaces", "TargetSistemas.Interfaces\TargetSistemas.Interfaces.csproj", "{451A9635-C359-4BC2-8746-6DF1F2D9A865}"
EndProject
Project("{FAE04EC0-301F-11D3-BF4B-00C04F79EFBC}") = "TargetSistema.Services", "TargetSistema.Services\TargetSistema.Services.csproj", "{50CF013B-F734-476B-B10C-CD213402DA57}"
EndProject
Global
	GlobalSection(SolutionConfigurationPlatforms) = preSolution
		Debug|Any CPU = Debug|Any CPU
		Release|Any CPU = Release|Any CPU
	EndGlobalSection
	GlobalSection(ProjectConfigurationPlatforms) = postSolution
		{1F18CF9A-FFC0-40B9-9808-A8E0059A7205}.Debug|Any CPU.ActiveCfg = Debug|Any CPU
		{1F18CF9A-FFC0-40B9-9808-A8E0059A7205}.Debug|Any CPU.Build.0 = Debug|Any CPU
		{1F18CF9A-FFC0-40B9-9808-A8E0059A7205}.Release|Any CPU.ActiveCfg = Release|Any CPU
		{1F18CF9A-FFC0-40B9-9808-A8E0059A7205}.Release|Any CPU.Build.0 = Release|Any CPU
		{DC9B48A8-A190-4DE0-89CB-E4E9BD53BC8D}.Debug|Any CPU.ActiveCfg = Debug|Any CPU
		{DC9B48A8-A190-4DE0-89CB-E4E9BD53BC8D}.Debug|Any CPU.Build.0 = Debug|Any CPU
		{DC9B48A8-A190-4DE0-89CB-E4E9BD53BC8D}.Release|Any CPU.ActiveCfg = Release|Any CPU
		{DC9B48A8-A190-4DE0-89CB-E4E9BD53BC8D}.Release|Any CPU.Build.0 = Release|Any CPU
		{451A9635-C359-4BC2-8746-6DF1F2D9A865}.Debug|Any CPU.ActiveCfg = Debug|Any CPU
		{451A9635-C359-4BC2-8746-6DF1F2D9A865}.Debug|Any CPU.Build.0 = Debug|Any CPU
		{451A9635-C359-4BC2-8746-6DF1F2D9A865}.Release|Any CPU.ActiveCfg = Release|Any CPU
		{451A9635-C359-4BC2-8746-6DF1F2D9A865}.Release|Any CPU.Build.0 = Release|Any CPU
		{50CF013B-F734-476B-B10C-CD213402DA57}.Debug|Any CPU.ActiveCfg = Debug|Any CPU
		{50CF013B-F734-476B-B10C-CD213402DA57}.Debug|Any CPU.Build.0 = Debug|Any CPU
		{50CF013B-F734-476B-B10C-CD213402DA57}.Release|Any CPU.ActiveCfg = Release|Any CPU
		{50CF013B-F734-476B-B10C-CD213402DA57}.Release|Any CPU.Build.0 = Release|Any CPU
	EndGlobalSection
	GlobalSection(SolutionProperties) = preSolution
		HideSolutionNode = FALSE
	EndGlobalSection
	GlobalSection(NestedProjects) = preSolution
		{DC9B48A8-A190-4DE0-89CB-E4E9BD53BC8D} = {EA911279-B669-4CC1-9CF4-94778ADC1E04}
		{451A9635-C359-4BC2-8746-6DF1F2D9A865} = {EA911279-B669-4CC1-9CF4-94778ADC1E04}
		{50CF013B-F734-476B-B10C-CD213402DA57} = {EA911279-B669-4CC1-9CF4-94778ADC1E04}
	EndGlobalSection
	GlobalSection(ExtensibilityGlobals) = postSolution
		SolutionGuid = {2786B092-CEF1-4053-88F2-D4FEC1893802}
	EndGlobalSection
EndGlobal
